
Microsoft Visual Studio Solution File, Format Version 12.00
# Visual Studio Version 17
VisualStudioVersion = 17.3.32819.101
MinimumVisualStudioVersion = 10.0.40219.1
Project("{FAE04EC0-301F-11D3-BF4B-00C04F79EFBC}") = "SearchingChallenge", "SearchingChallenge\SearchingChallenge.csproj", "{CBF3D4BA-0A48-47B9-AFD1-764CA7453A81}"
EndProject
Project("{FAE04EC0-301F-11D3-BF4B-00C04F79EFBC}") = "SearchChallengeTests", "SearchChallengeTests\SearchChallengeTests.csproj", "{D33DEAB0-0DB8-486D-A35A-33A190EE33F2}"
EndProject
Global
	GlobalSection(SolutionConfigurationPlatforms) = preSolution
		Debug|Any CPU = Debug|Any CPU
		Release|Any CPU = Release|Any CPU
	EndGlobalSection
	GlobalSection(ProjectConfigurationPlatforms) = postSolution
		{CBF3D4BA-0A48-47B9-AFD1-764CA7453A81}.Debug|Any CPU.ActiveCfg = Debug|Any CPU
		{CBF3D4BA-0A48-47B9-AFD1-764CA7453A81}.Debug|Any CPU.Build.0 = Debug|Any CPU
		{CBF3D4BA-0A48-47B9-AFD1-764CA7453A81}.Release|Any CPU.ActiveCfg = Release|Any CPU
		{CBF3D4BA-0A48-47B9-AFD1-764CA7453A81}.Release|Any CPU.Build.0 = Release|Any CPU
		{D33DEAB0-0DB8-486D-A35A-33A190EE33F2}.Debug|Any CPU.ActiveCfg = Debug|Any CPU
		{D33DEAB0-0DB8-486D-A35A-33A190EE33F2}.Debug|Any CPU.Build.0 = Debug|Any CPU
		{D33DEAB0-0DB8-486D-A35A-33A190EE33F2}.Release|Any CPU.ActiveCfg = Release|Any CPU
		{D33DEAB0-0DB8-486D-A35A-33A190EE33F2}.Release|Any CPU.Build.0 = Release|Any CPU
	EndGlobalSection
	GlobalSection(SolutionProperties) = preSolution
		HideSolutionNode = FALSE
	EndGlobalSection
	GlobalSection(ExtensibilityGlobals) = postSolution
		SolutionGuid = {19AA58EC-C405-4A03-A28D-63E77981D08D}
	EndGlobalSection
EndGlobal
